{
  "nodes": {
    "nixpkgs": {
      "locked": {
        "lastModified": 1757545623,
        "narHash": "sha256-mCxPABZ6jRjUQx3bPP4vjA68ETbPLNz9V2pk9tO7pRQ=",
        "rev": "8cd5ce828d5d1d16feff37340171a98fc3bf6526",
        "revCount": 809711,
        "type": "tarball",
        "url": "https://api.flakehub.com/f/pinned/NixOS/nixpkgs/0.2505.809711%2Brev-8cd5ce828d5d1d16feff37340171a98fc3bf6526/01993a4b-d6db-70cd-8071-055108635292/source.tar.gz"
      },
      "original": {
        "type": "tarball",
        "url": "https://flakehub.com/f/NixOS/nixpkgs/0"
      }
    },
    "nixpkgs_2": {
      "locked": {
        "lastModified": 1744536153,
        "narHash": "sha256-awS2zRgF4uTwrOKwwiJcByDzDOdo3Q1rPZbiHQg/N38=",
        "owner": "NixOS",
        "repo": "nixpkgs",
        "rev": "18dd725c29603f582cf1900e0d25f9f1063dbf11",
        "type": "github"
      },
      "original": {
        "owner": "NixOS",
        "ref": "nixpkgs-unstable",
        "repo": "nixpkgs",
        "type": "github"
      }
    },
    "root": {
      "inputs": {
        "nixpkgs": "nixpkgs",
        "rust-overlay": "rust-overlay"
      }
    },
    "rust-overlay": {
      "inputs": {
        "nixpkgs": "nixpkgs_2"
      },
      "locked": {
        "lastModified": 1757644300,
        "narHash": "sha256-bVIDYz31bCdZId441sqgkImnA7aYr2UQzQlyl+O2DWc=",
        "rev": "591c5ae84f066bdfc9797b217df392d58eafd088",
        "revCount": 1911,
        "type": "tarball",
        "url": "https://api.flakehub.com/f/pinned/oxalica/rust-overlay/0.1.1911%2Brev-591c5ae84f066bdfc9797b217df392d58eafd088/01993bc5-853a-7b82-8444-f70e6ed3aa18/source.tar.gz"
      },
      "original": {
        "type": "tarball",
        "url": "https://flakehub.com/f/oxalica/rust-overlay/%2A"
      }
    }
  },
  "root": "root",
  "version": 7
}
